schema: '2.0'
stages:
  prepare:
    cmd: python -m src.data_proc.prepare
    deps:
    - path: data/raw/HAM10000_metadata.csv
      hash: md5
      md5: 8f85fb1aa29d80a2797247e434deb79d
      size: 690218
    - path: data/raw/ISIC2018_Task3_Test_GroundTruth.csv
      hash: md5
      md5: 2b5663aacc9644740f27e355cf7f369a
      size: 108383
    - path: data/raw/images/part_1
      hash: md5
      md5: 01a89bb64a46a25acc69748634b7bc97.dir
      size: 1366471277
      nfiles: 5000
    - path: data/raw/images/part_2
      hash: md5
      md5: 9c7bb15bc571aeb8d781ff0fe1210716.dir
      size: 1403744282
      nfiles: 5015
    - path: data/raw/test_images
      hash: md5
      md5: acd00d301cf9dc9073af470e26c235a3.dir
      size: 420381104
      nfiles: 1512
    - path: src/data_proc/prepare.py
      hash: md5
      md5: b53423d9344621b7d1b7112c660e4c1e
      size: 7767
    params:
      params.yaml:
        prepare:
          val_size: 0.15
          random_seed: 42
          image_dir_part1: data/raw/images/part_1
          image_dir_part2: data/raw/images/part_2
          metadata_path: data/raw/HAM10000_metadata.csv
          test_metadata_path: data/raw/ISIC2018_Task3_Test_GroundTruth.csv
          test_images_dir: data/raw/test_images
          segment_images_dir: data/raw/segmentations
          processed_dir: data/processed
          processed_train_csv: train.csv
          processed_val_csv: val.csv
          processed_test_csv: test.csv
          reports_dir: data/reports
          prepare_summary_report: data/reports/prepare_summary.json
          baseline_stats_report: data/reports/baseline_stats.json
          raw_data_summary: data/reports/raw_data_summary.csv
          class_distribution: data/reports/class_distribution.csv
          file_check_summary: data/reports/file_check_summary.csv
          image_stats: data/reports/image_stats.csv
    outs:
    - path: data/processed/test.csv
      hash: md5
      md5: 690ea77a76aa31d93f251ac6ad2c06c5
      size: 107998
    - path: data/processed/train.csv
      hash: md5
      md5: df74cdda6622dcd2023bf784fe713949
      size: 591171
    - path: data/processed/val.csv
      hash: md5
      md5: 1a2e1e97ac088b52dbb309c23586b457
      size: 103929
    - path: data/reports/baseline_stats.json
      hash: md5
      md5: 779d9deef7e809bb978096c18765f1ac
      size: 357
    - path: data/reports/prepare_summary.json
      hash: md5
      md5: ec0d7a2035c30b60e5c1cff56db377a8
      size: 579
  train:
    cmd: python -m src.models.train
    deps:
    - path: data/processed/train.csv
      hash: md5
      md5: df74cdda6622dcd2023bf784fe713949
      size: 591171
    - path: data/processed/val.csv
      hash: md5
      md5: 1a2e1e97ac088b52dbb309c23586b457
      size: 103929
    - path: data/reports/baseline_stats.json
      hash: md5
      md5: 779d9deef7e809bb978096c18765f1ac
      size: 357
    - path: src/models/model.py
      hash: md5
      md5: fc9656b10a288842f0cbd50b4f1ea7ba
      size: 2752
    - path: src/models/train.py
      hash: md5
      md5: 2e8ceee58edb20ac3a21f25380b0c676
      size: 15559
    - path: src/utils/logger.py
      hash: md5
      md5: f98408063140847129765132e30f7bde
      size: 867
    - path: src/utils/metrics.py
      hash: md5
      md5: bf2d5ee10856966654d8be6051b61d06
      size: 3861
    - path: src/utils/mlflow_utils.py
      hash: md5
      md5: 1f005d504286735ab23dd7e0527c42d7
      size: 2770
    - path: src/utils/reproducibility.py
      hash: md5
      md5: 00119a8cc047eb02faded1a523ade93a
      size: 806
    params:
      params.yaml:
        prepare:
          val_size: 0.15
          random_seed: 42
          image_dir_part1: data/raw/images/part_1
          image_dir_part2: data/raw/images/part_2
          metadata_path: data/raw/HAM10000_metadata.csv
          test_metadata_path: data/raw/ISIC2018_Task3_Test_GroundTruth.csv
          test_images_dir: data/raw/test_images
          segment_images_dir: data/raw/segmentations
          processed_dir: data/processed
          processed_train_csv: train.csv
          processed_val_csv: val.csv
          processed_test_csv: test.csv
          reports_dir: data/reports
          prepare_summary_report: data/reports/prepare_summary.json
          baseline_stats_report: data/reports/baseline_stats.json
          raw_data_summary: data/reports/raw_data_summary.csv
          class_distribution: data/reports/class_distribution.csv
          file_check_summary: data/reports/file_check_summary.csv
          image_stats: data/reports/image_stats.csv
        train:
          device: cuda
          pretrained: true
          epochs: 1
          model_name: efficientnet_b3
          num_classes: 7
          early_stopping_patience: 15
          scheduler: cosine
          learning_rate: 0.0001
          weight_decay: 0.0
          use_weighted_loss: true
          batch_size: 16
          num_workers: 4
          image_size: 112
          random_seed: 42
          mixup_alpha: 0.1
          cutmix_alpha: 0.0
          label_smoothing: 0.0
          use_amp: true
          metrics_dir: outputs/metrics
          train_history_path: outputs/metrics/train_history.json
          mlflow_runid_path: outputs/metrics/mlflow_run_id.txt
    outs:
    - path: outputs/metrics/mlflow_run_id.txt
      hash: md5
      md5: 8add9a9e9d31b0480faa453fcb864c02
      size: 32
    - path: outputs/metrics/train_history.json
      hash: md5
      md5: c25c25a7a56d4249e015136348847c6f
      size: 133
    - path: outputs/models/best_model.pth
      hash: md5
      md5: 7a0888597f7901d6e356935c8b573a14
      size: 43377039
  evaluate:
    cmd: python -m src.models.inference
    deps:
    - path: data/processed/test.csv
      hash: md5
      md5: 690ea77a76aa31d93f251ac6ad2c06c5
      size: 107998
    - path: outputs/metrics/mlflow_run_id.txt
      hash: md5
      md5: 8add9a9e9d31b0480faa453fcb864c02
      size: 32
    - path: outputs/models/best_model.pth
      hash: md5
      md5: 7a0888597f7901d6e356935c8b573a14
      size: 43377039
    - path: src/models/inference.py
      hash: md5
      md5: b7f10d47562e921f5d0127b56c670ebe
      size: 15045
    - path: src/models/model.py
      hash: md5
      md5: fc9656b10a288842f0cbd50b4f1ea7ba
      size: 2752
    - path: src/models/train.py
      hash: md5
      md5: 2e8ceee58edb20ac3a21f25380b0c676
      size: 15559
    - path: src/utils/logger.py
      hash: md5
      md5: f98408063140847129765132e30f7bde
      size: 867
    - path: src/utils/metrics.py
      hash: md5
      md5: bf2d5ee10856966654d8be6051b61d06
      size: 3861
    - path: src/utils/mlflow_utils.py
      hash: md5
      md5: 1f005d504286735ab23dd7e0527c42d7
      size: 2770
    - path: src/utils/reproducibility.py
      hash: md5
      md5: 00119a8cc047eb02faded1a523ade93a
      size: 806
    params:
      params.yaml:
        evaluate:
          acceptance_macro_f1: 0.75
          model_path: outputs/models/best_model.pth
          plots_path: outputs/plots
          confusion_mat_path: outputs/plots/confusion_matrix.png
          eval_metrics_path: outputs/metrics/eval_metrics.json
          gradcam_path: outputs/plots/gradcam
          classification_report_path: outputs/metrics/classification_report.txt
        train:
          device: cuda
          pretrained: true
          epochs: 1
          model_name: efficientnet_b3
          num_classes: 7
          early_stopping_patience: 15
          scheduler: cosine
          learning_rate: 0.0001
          weight_decay: 0.0
          use_weighted_loss: true
          batch_size: 16
          num_workers: 4
          image_size: 112
          random_seed: 42
          mixup_alpha: 0.1
          cutmix_alpha: 0.0
          label_smoothing: 0.0
          use_amp: true
          metrics_dir: outputs/metrics
          train_history_path: outputs/metrics/train_history.json
          mlflow_runid_path: outputs/metrics/mlflow_run_id.txt
    outs:
    - path: outputs/metrics/eval_metrics.json
      hash: md5
      md5: 80570536b9f1764bb63d9c1b91379e69
      size: 606
    - path: outputs/plots/confusion_matrix.png
      hash: md5
      md5: 7faffc9afc36ea917e0d02c550f83d07
      size: 35370
    - path: outputs/plots/gradcam
      hash: md5
      md5: a9780a2af43234c2b0d6b598b79508c7.dir
      size: 262851
      nfiles: 14
